// !$*UTF8*$!
{
	archiveVersion = 1;
	classes = {
	};
	objectVersion = 77;
	objects = {


/* Begin PBXContainerItemProxy section */
		B30000000000000000000001 /* PBXContainerItemProxy */ = {
			isa = PBXContainerItemProxy;
			containerPortal = B90000000000000000000001 /* Project object */;
			proxyType = 1;
			remoteGlobalIDString = B70000000000000000000001;
			remoteInfo = lab.ios.SecureCommunication;
		};
/* End PBXContainerItemProxy section */

/* Begin PBXFileReference section */

		B2000000000000000000000E /* Hosted.xcconfig */ = {isa = PBXFileReference; lastKnownFileType = text.xcconfig; path = Hosted.xcconfig; sourceTree = "<group>"; };

		B2000000000000000000000F /* Local.example.xcconfig */ = {isa = PBXFileReference; lastKnownFileType = text.xcconfig; path = Local.example.xcconfig; sourceTree = "<group>"; };

		B20000000000000000000010 /* Secure Communication lab.app */ = {isa = PBXFileReference; explicitFileType = wrapper.application; includeInIndex = 0; path = "Secure Communication lab.app"; sourceTree = BUILT_PRODUCTS_DIR; };

		B20000000000000000000011 /* Secure Communication labTests.xctest */ = {isa = PBXFileReference; explicitFileType = wrapper.cfbundle; includeInIndex = 0; path = "Secure Communication labTests.xctest"; sourceTree = BUILT_PRODUCTS_DIR; };
/* End PBXFileReference section */

/* Begin PBXFileSystemSynchronizedBuildFileExceptionSet section */

		04C57ADE8371133EF9E8CA82 /* Exceptions for "lab.ios.SecureCommunication" folder in "lab.ios.SecureCommunication" target */ = {
			isa = PBXFileSystemSynchronizedBuildFileExceptionSet;
			membershipExceptions = (
				Info.plist,
			);
			target = B70000000000000000000001 /* lab.ios.SecureCommunication */;
		};

/* End PBXFileSystemSynchronizedBuildFileExceptionSet section */

/* Begin PBXFileSystemSynchronizedRootGroup section */

		6CF2C4B246EBFF8FCA925CD3 /* lab.ios.SecureCommunication */ = {
			isa = PBXFileSystemSynchronizedRootGroup;
			exceptions = (
				04C57ADE8371133EF9E8CA82 /* Exceptions for "lab.ios.SecureCommunication" folder in "lab.ios.SecureCommunication" target */,
			);
			path = lab.ios.SecureCommunication;
			sourceTree = "<group>";
		};
		69BF0A0B8920F852A2F332EC /* lab.ios.SecureCommunicationTests */ = {
			isa = PBXFileSystemSynchronizedRootGroup;
			path = lab.ios.SecureCommunicationTests;
			sourceTree = "<group>";
		};

/* End PBXFileSystemSynchronizedRootGroup section */
/* Begin PBXFrameworksBuildPhase section */
		B40000000000000000000001 /* Frameworks */ = {
			isa = PBXFrameworksBuildPhase;
			buildActionMask = 2147483647;
			files = (
			);
			runOnlyForDeploymentPostprocessing = 0;
		};
		B40000000000000000000002 /* Frameworks */ = {
			isa = PBXFrameworksBuildPhase;
			buildActionMask = 2147483647;
			files = (
			);
			runOnlyForDeploymentPostprocessing = 0;
		};
/* End PBXFrameworksBuildPhase section */

/* Begin PBXGroup section */

		B50000000000000000000001 = {
			isa = PBXGroup;
			children = (
				6CF2C4B246EBFF8FCA925CD3,
				69BF0A0B8920F852A2F332EC,
				B50000000000000000000008,
				B50000000000000000000009,
			);
			sourceTree = "<group>";
		};

		B50000000000000000000008 /* Config */ = {
			isa = PBXGroup;
			children = (
				B2000000000000000000000E,
				B2000000000000000000000F,
			);
			path = Config;
			sourceTree = "<group>";
		};

		B50000000000000000000009 /* Products */ = {
			isa = PBXGroup;
			children = (
				B20000000000000000000010,
				B20000000000000000000011,
			);
			name = Products;
			sourceTree = "<group>";
		};
/* End PBXGroup section */

/* Begin PBXNativeTarget section */
		B70000000000000000000001 /* lab.ios.SecureCommunication */ = {
			isa = PBXNativeTarget;
			buildConfigurationList = BB0000000000000000000001 /* Build configuration list for PBXNativeTarget "lab.ios.SecureCommunication" */;
			buildPhases = (
				B60000000000000000000001 /* Sources */,
				B40000000000000000000001 /* Frameworks */,
				B80000000000000000000001 /* Resources */,
			);
			buildRules = (
			);
			dependencies = (
			);
			fileSystemSynchronizedGroups = (
				6CF2C4B246EBFF8FCA925CD3 /* lab.ios.SecureCommunication */,
			);
			name = lab.ios.SecureCommunication;
			productName = lab.ios.SecureCommunication;
			productReference = B20000000000000000000010 /* Secure Communication lab.app */;
			productType = "com.apple.product-type.application";
		};
		B70000000000000000000002 /* lab.ios.SecureCommunicationTests */ = {
			isa = PBXNativeTarget;
			buildConfigurationList = BB0000000000000000000002 /* Build configuration list for PBXNativeTarget "lab.ios.SecureCommunicationTests" */;
			buildPhases = (
				B60000000000000000000002 /* Sources */,
				B40000000000000000000002 /* Frameworks */,
			);
			buildRules = (
			);
			dependencies = (
				BA0000000000000000000001 /* PBXTargetDependency */,
			);
			fileSystemSynchronizedGroups = (
				69BF0A0B8920F852A2F332EC /* lab.ios.SecureCommunicationTests */,
			);
			name = lab.ios.SecureCommunicationTests;
			productName = "Secure Communication labTests";
			productReference = B20000000000000000000011 /* Secure Communication labTests.xctest */;
			productType = "com.apple.product-type.bundle.unit-test";
		};
/* End PBXNativeTarget section */

/* Begin PBXProject section */
		B90000000000000000000001 /* Project object */ = {
			isa = PBXProject;
			attributes = {
				BuildIndependentTargetsInParallel = 1;
				LastSwiftUpdateCheck = 2700;
				LastUpgradeCheck = 2700;
				TargetAttributes = {
					B70000000000000000000001 = {
						CreatedOnToolsVersion = 27.0;
					};
					B70000000000000000000002 = {
						CreatedOnToolsVersion = 27.0;
						TestTargetID = B70000000000000000000001;
					};
				};
			};
			buildConfigurationList = BB0000000000000000000003 /* Build configuration list for PBXProject "lab.ios.SecureCommunication" */;
			developmentRegion = en;
			hasScannedForEncodings = 0;
			knownRegions = (
				en,
				Base,
			);
			mainGroup = B50000000000000000000001;
			preferredProjectObjectVersion = 77;
			productRefGroup = B50000000000000000000009 /* Products */;
			projectDirPath = "";
			projectRoot = "";
			targets = (
				B70000000000000000000001 /* lab.ios.SecureCommunication */,
				B70000000000000000000002 /* lab.ios.SecureCommunicationTests */,
			);
		};
/* End PBXProject section */

/* Begin PBXResourcesBuildPhase section */
		B80000000000000000000001 /* Resources */ = {
			isa = PBXResourcesBuildPhase;
			buildActionMask = 2147483647;
			files = (
			);
			runOnlyForDeploymentPostprocessing = 0;
		};
/* End PBXResourcesBuildPhase section */

/* Begin PBXSourcesBuildPhase section */
		B60000000000000000000001 /* Sources */ = {
			isa = PBXSourcesBuildPhase;
			buildActionMask = 2147483647;
			files = (
			);
			runOnlyForDeploymentPostprocessing = 0;
		};
		B60000000000000000000002 /* Sources */ = {
			isa = PBXSourcesBuildPhase;
			buildActionMask = 2147483647;
			files = (
			);
			runOnlyForDeploymentPostprocessing = 0;
		};
/* End PBXSourcesBuildPhase section */

/* Begin PBXTargetDependency section */
		BA0000000000000000000001 /* PBXTargetDependency */ = {
			isa = PBXTargetDependency;
			target = B70000000000000000000001 /* lab.ios.SecureCommunication */;
			targetProxy = B30000000000000000000001 /* PBXContainerItemProxy */;
		};
/* End PBXTargetDependency section */

/* Begin XCBuildConfiguration section */
		BC0000000000000000000001 /* Debug */ = {
			isa = XCBuildConfiguration;
			buildSettings = {
				ALWAYS_SEARCH_USER_PATHS = NO;
				CLANG_ENABLE_MODULES = YES;
				CLANG_ENABLE_OBJC_ARC = YES;
				CLANG_WARN_DOCUMENTATION_COMMENTS = YES;
				CLANG_WARN_QUOTED_INCLUDE_IN_FRAMEWORK_HEADER = YES;
				CLANG_WARN_UNGUARDED_AVAILABILITY = YES_AGGRESSIVE;
				COPY_PHASE_STRIP = NO;
				DEBUG_INFORMATION_FORMAT = dwarf;
				ENABLE_TESTABILITY = YES;
				GCC_C_LANGUAGE_STANDARD = gnu17;
				GCC_NO_COMMON_BLOCKS = YES;
				GCC_OPTIMIZATION_LEVEL = 0;
				GCC_PREPROCESSOR_DEFINITIONS = (
					"DEBUG=1",
					"$(inherited)",
				);
				IPHONEOS_DEPLOYMENT_TARGET = 17.0;
				ONLY_ACTIVE_ARCH = YES;
				SDKROOT = iphoneos;
				SWIFT_ACTIVE_COMPILATION_CONDITIONS = DEBUG;
				SWIFT_OPTIMIZATION_LEVEL = "-Onone";
			};
			name = Debug;
		};
		BC0000000000000000000002 /* Release */ = {
			isa = XCBuildConfiguration;
			buildSettings = {
				ALWAYS_SEARCH_USER_PATHS = NO;
				CLANG_ENABLE_MODULES = YES;
				CLANG_ENABLE_OBJC_ARC = YES;
				CLANG_WARN_DOCUMENTATION_COMMENTS = YES;
				CLANG_WARN_QUOTED_INCLUDE_IN_FRAMEWORK_HEADER = YES;
				CLANG_WARN_UNGUARDED_AVAILABILITY = YES_AGGRESSIVE;
				COPY_PHASE_STRIP = NO;
				DEBUG_INFORMATION_FORMAT = "dwarf-with-dsym";
				ENABLE_NS_ASSERTIONS = NO;
				GCC_C_LANGUAGE_STANDARD = gnu17;
				GCC_NO_COMMON_BLOCKS = YES;
				IPHONEOS_DEPLOYMENT_TARGET = 17.0;
				SDKROOT = iphoneos;
				SWIFT_COMPILATION_MODE = wholemodule;
				SWIFT_OPTIMIZATION_LEVEL = "-O";
				VALIDATE_PRODUCT = YES;
			};
			name = Release;
		};
		BC0000000000000000000003 /* Debug */ = {
			isa = XCBuildConfiguration;
			baseConfigurationReference = B2000000000000000000000E /* Hosted.xcconfig */;
			buildSettings = {
				ASSETCATALOG_COMPILER_GENERATE_SWIFT_ASSET_SYMBOL_EXTENSIONS = YES;
				ASSETCATALOG_COMPILER_APPICON_NAME = AppIcon;
				ASSETCATALOG_COMPILER_GLOBAL_ACCENT_COLOR_NAME = AccentColor;
				CODE_SIGN_STYLE = Automatic;
				CURRENT_PROJECT_VERSION = 2;
				ENABLE_PREVIEWS = YES;
				GENERATE_INFOPLIST_FILE = NO;
				INFOPLIST_FILE = lab.ios.SecureCommunication/Info.plist;
				IPHONEOS_DEPLOYMENT_TARGET = 17.0;
				LD_RUNPATH_SEARCH_PATHS = (
					"$(inherited)",
					"@executable_path/Frameworks",
				);
				MARKETING_VERSION = 2.0;
				PRODUCT_BUNDLE_IDENTIFIER = "defdev.lab-ios-SecureCommunication";
				PRODUCT_MODULE_NAME = lab_ios_SecureCommunication;
				PRODUCT_NAME = "Secure Communication lab";
				SUPPORTED_PLATFORMS = "iphoneos iphonesimulator";
				SWIFT_EMIT_LOC_STRINGS = YES;
				SWIFT_STRICT_CONCURRENCY = complete;
				SWIFT_VERSION = 6.0;
				TARGETED_DEVICE_FAMILY = 1;
			};
			name = Debug;
		};
		BC0000000000000000000004 /* Release */ = {
			isa = XCBuildConfiguration;
			baseConfigurationReference = B2000000000000000000000E /* Hosted.xcconfig */;
			buildSettings = {
				ASSETCATALOG_COMPILER_GENERATE_SWIFT_ASSET_SYMBOL_EXTENSIONS = YES;
				ASSETCATALOG_COMPILER_APPICON_NAME = AppIcon;
				ASSETCATALOG_COMPILER_GLOBAL_ACCENT_COLOR_NAME = AccentColor;
				CODE_SIGN_STYLE = Automatic;
				CURRENT_PROJECT_VERSION = 2;
				GENERATE_INFOPLIST_FILE = NO;
				INFOPLIST_FILE = lab.ios.SecureCommunication/Info.plist;
				IPHONEOS_DEPLOYMENT_TARGET = 17.0;
				LD_RUNPATH_SEARCH_PATHS = (
					"$(inherited)",
					"@executable_path/Frameworks",
				);
				MARKETING_VERSION = 2.0;
				PRODUCT_BUNDLE_IDENTIFIER = "defdev.lab-ios-SecureCommunication";
				PRODUCT_MODULE_NAME = lab_ios_SecureCommunication;
				PRODUCT_NAME = "Secure Communication lab";
				SUPPORTED_PLATFORMS = "iphoneos iphonesimulator";
				SWIFT_EMIT_LOC_STRINGS = YES;
				SWIFT_STRICT_CONCURRENCY = complete;
				SWIFT_VERSION = 6.0;
				TARGETED_DEVICE_FAMILY = 1;
			};
			name = Release;
		};
		BC0000000000000000000005 /* Debug */ = {
			isa = XCBuildConfiguration;
			buildSettings = {
				BUNDLE_LOADER = "$(TEST_HOST)";
				CODE_SIGN_STYLE = Automatic;
				GENERATE_INFOPLIST_FILE = YES;
				IPHONEOS_DEPLOYMENT_TARGET = 17.0;
				LD_RUNPATH_SEARCH_PATHS = (
					"$(inherited)",
					"@executable_path/Frameworks",
					"@loader_path/Frameworks",
				);
				PRODUCT_BUNDLE_IDENTIFIER = "defdev.lab-ios-SecureCommunicationTests";
				PRODUCT_NAME = "$(TARGET_NAME)";
				SUPPORTED_PLATFORMS = "iphoneos iphonesimulator";
				SWIFT_STRICT_CONCURRENCY = complete;
				SWIFT_VERSION = 6.0;
				TARGETED_DEVICE_FAMILY = 1;
				TEST_HOST = "$(BUILT_PRODUCTS_DIR)/Secure Communication lab.app/$(BUNDLE_EXECUTABLE_FOLDER_PATH)/Secure Communication lab";
			};
			name = Debug;
		};
		BC0000000000000000000006 /* Release */ = {
			isa = XCBuildConfiguration;
			buildSettings = {
				BUNDLE_LOADER = "$(TEST_HOST)";
				CODE_SIGN_STYLE = Automatic;
				GENERATE_INFOPLIST_FILE = YES;
				IPHONEOS_DEPLOYMENT_TARGET = 17.0;
				LD_RUNPATH_SEARCH_PATHS = (
					"$(inherited)",
					"@executable_path/Frameworks",
					"@loader_path/Frameworks",
				);
				PRODUCT_BUNDLE_IDENTIFIER = "defdev.lab-ios-SecureCommunicationTests";
				PRODUCT_NAME = "$(TARGET_NAME)";
				SUPPORTED_PLATFORMS = "iphoneos iphonesimulator";
				SWIFT_STRICT_CONCURRENCY = complete;
				SWIFT_VERSION = 6.0;
				TARGETED_DEVICE_FAMILY = 1;
				TEST_HOST = "$(BUILT_PRODUCTS_DIR)/Secure Communication lab.app/$(BUNDLE_EXECUTABLE_FOLDER_PATH)/Secure Communication lab";
			};
			name = Release;
		};
/* End XCBuildConfiguration section */

/* Begin XCConfigurationList section */
		BB0000000000000000000001 /* Build configuration list for PBXNativeTarget "lab.ios.SecureCommunication" */ = {
			isa = XCConfigurationList;
			buildConfigurations = (
				BC0000000000000000000003 /* Debug */,
				BC0000000000000000000004 /* Release */,
			);
			defaultConfigurationIsVisible = 0;
			defaultConfigurationName = Release;
		};
		BB0000000000000000000002 /* Build configuration list for PBXNativeTarget "lab.ios.SecureCommunicationTests" */ = {
			isa = XCConfigurationList;
			buildConfigurations = (
				BC0000000000000000000005 /* Debug */,
				BC0000000000000000000006 /* Release */,
			);
			defaultConfigurationIsVisible = 0;
			defaultConfigurationName = Release;
		};
		BB0000000000000000000003 /* Build configuration list for PBXProject "lab.ios.SecureCommunication" */ = {
			isa = XCConfigurationList;
			buildConfigurations = (
				BC0000000000000000000001 /* Debug */,
				BC0000000000000000000002 /* Release */,
			);
			defaultConfigurationIsVisible = 0;
			defaultConfigurationName = Release;
		};
/* End XCConfigurationList section */
	};
	rootObject = B90000000000000000000001 /* Project object */;
}
