// !$*UTF8*$!
{
	archiveVersion = 1;
	classes = {
	};
	objectVersion = 55;
	objects = {

/* Begin PBXBuildFile section */
		B10000000000000000000001 /* lab_ios_SecureCommunicationApp.swift in Sources */ = {isa = PBXBuildFile; fileRef = B20000000000000000000001 /* lab_ios_SecureCommunicationApp.swift */; };
		B10000000000000000000002 /* ContentView.swift in Sources */ = {isa = PBXBuildFile; fileRef = B20000000000000000000002 /* ContentView.swift */; };
		B10000000000000000000003 /* ContentViewModel.swift in Sources */ = {isa = PBXBuildFile; fileRef = B20000000000000000000003 /* ContentViewModel.swift */; };
		B10000000000000000000004 /* AppRepository.swift in Sources */ = {isa = PBXBuildFile; fileRef = B20000000000000000000004 /* AppRepository.swift */; };
		B10000000000000000000005 /* NetworkService.swift in Sources */ = {isa = PBXBuildFile; fileRef = B20000000000000000000005 /* NetworkService.swift */; };
		B10000000000000000000006 /* Utils.swift in Sources */ = {isa = PBXBuildFile; fileRef = B20000000000000000000006 /* Utils.swift */; };
		B10000000000000000000007 /* SecureEnvelope.swift in Sources */ = {isa = PBXBuildFile; fileRef = B20000000000000000000007 /* SecureEnvelope.swift */; };
		B10000000000000000000008 /* KeyRepository.swift in Sources */ = {isa = PBXBuildFile; fileRef = B20000000000000000000008 /* KeyRepository.swift */; };
		B10000000000000000000009 /* SecureEnvelopeCrypto.swift in Sources */ = {isa = PBXBuildFile; fileRef = B20000000000000000000009 /* SecureEnvelopeCrypto.swift */; };
		B1000000000000000000000A /* Assets.xcassets in Resources */ = {isa = PBXBuildFile; fileRef = B2000000000000000000000A /* Assets.xcassets */; };
		B1000000000000000000000B /* server-public.pkcs1.der in Resources */ = {isa = PBXBuildFile; fileRef = B2000000000000000000000B /* server-public.pkcs1.der */; };
		B1000000000000000000000C /* client-private.pkcs1.der in Resources */ = {isa = PBXBuildFile; fileRef = B2000000000000000000000C /* client-private.pkcs1.der */; };
		B1000000000000000000000D /* SecureCommunicationLabTests.swift in Sources */ = {isa = PBXBuildFile; fileRef = B2000000000000000000000D /* SecureCommunicationLabTests.swift */; };
/* End PBXBuildFile section */

/* Begin PBXContainerItemProxy section */
		B30000000000000000000001 /* PBXContainerItemProxy */ = {
			isa = PBXContainerItemProxy;
			containerPortal = B90000000000000000000001 /* Project object */;
			proxyType = 1;
			remoteGlobalIDString = B70000000000000000000001;
			remoteInfo = lab.ios.SecureCommunication;
		};
/* End PBXContainerItemProxy section */

/* Begin PBXFileReference section */
		B20000000000000000000001 /* lab_ios_SecureCommunicationApp.swift */ = {isa = PBXFileReference; lastKnownFileType = sourcecode.swift; path = lab_ios_SecureCommunicationApp.swift; sourceTree = "<group>"; };
		B20000000000000000000002 /* ContentView.swift */ = {isa = PBXFileReference; lastKnownFileType = sourcecode.swift; path = ContentView.swift; sourceTree = "<group>"; };
		B20000000000000000000003 /* ContentViewModel.swift */ = {isa = PBXFileReference; lastKnownFileType = sourcecode.swift; path = ContentViewModel.swift; sourceTree = "<group>"; };
		B20000000000000000000004 /* AppRepository.swift */ = {isa = PBXFileReference; lastKnownFileType = sourcecode.swift; path = AppRepository.swift; sourceTree = "<group>"; };
		B20000000000000000000005 /* NetworkService.swift */ = {isa = PBXFileReference; lastKnownFileType = sourcecode.swift; path = NetworkService.swift; sourceTree = "<group>"; };
		B20000000000000000000006 /* Utils.swift */ = {isa = PBXFileReference; lastKnownFileType = sourcecode.swift; path = Utils.swift; sourceTree = "<group>"; };
		B20000000000000000000007 /* SecureEnvelope.swift */ = {isa = PBXFileReference; lastKnownFileType = sourcecode.swift; path = SecureEnvelope.swift; sourceTree = "<group>"; };
		B20000000000000000000008 /* KeyRepository.swift */ = {isa = PBXFileReference; lastKnownFileType = sourcecode.swift; path = KeyRepository.swift; sourceTree = "<group>"; };
		B20000000000000000000009 /* SecureEnvelopeCrypto.swift */ = {isa = PBXFileReference; lastKnownFileType = sourcecode.swift; path = SecureEnvelopeCrypto.swift; sourceTree = "<group>"; };
		B2000000000000000000000A /* Assets.xcassets */ = {isa = PBXFileReference; lastKnownFileType = folder.assetcatalog; path = Assets.xcassets; sourceTree = "<group>"; };
		B2000000000000000000000B /* server-public.pkcs1.der */ = {isa = PBXFileReference; lastKnownFileType = file; path = "server-public.pkcs1.der"; sourceTree = "<group>"; };
		B2000000000000000000000C /* client-private.pkcs1.der */ = {isa = PBXFileReference; lastKnownFileType = file; path = "client-private.pkcs1.der"; sourceTree = "<group>"; };
		B2000000000000000000000D /* SecureCommunicationLabTests.swift */ = {isa = PBXFileReference; lastKnownFileType = sourcecode.swift; path = SecureCommunicationLabTests.swift; sourceTree = "<group>"; };
		B2000000000000000000000E /* Hosted.xcconfig */ = {isa = PBXFileReference; lastKnownFileType = text.xcconfig; path = Hosted.xcconfig; sourceTree = "<group>"; };
		B2000000000000000000000F /* Local.example.xcconfig */ = {isa = PBXFileReference; lastKnownFileType = text.xcconfig; path = Local.example.xcconfig; sourceTree = "<group>"; };
		B20000000000000000000010 /* Secure Communication lab.app */ = {isa = PBXFileReference; explicitFileType = wrapper.application; includeInIndex = 0; path = "Secure Communication lab.app"; sourceTree = BUILT_PRODUCTS_DIR; };
		B20000000000000000000011 /* Secure Communication labTests.xctest */ = {isa = PBXFileReference; explicitFileType = wrapper.cfbundle; includeInIndex = 0; path = "Secure Communication labTests.xctest"; sourceTree = BUILT_PRODUCTS_DIR; };
		B20000000000000000000012 /* Info.plist */ = {isa = PBXFileReference; lastKnownFileType = text.plist.xml; path = Info.plist; sourceTree = "<group>"; };
/* End PBXFileReference section */

/* Begin PBXFrameworksBuildPhase section */
		B40000000000000000000001 /* Frameworks */ = {
			isa = PBXFrameworksBuildPhase;
			buildActionMask = 2147483647;
			files = (
			);
			runOnlyForDeploymentPostprocessing = 0;
		};
		B40000000000000000000002 /* Frameworks */ = {
			isa = PBXFrameworksBuildPhase;
			buildActionMask = 2147483647;
			files = (
			);
			runOnlyForDeploymentPostprocessing = 0;
		};
/* End PBXFrameworksBuildPhase section */

/* Begin PBXGroup section */
		B50000000000000000000001 = {
			isa = PBXGroup;
			children = (
				B50000000000000000000002 /* lab.ios.SecureCommunication */,
				B50000000000000000000007 /* lab.ios.SecureCommunicationTests */,
				B50000000000000000000008 /* Config */,
				B50000000000000000000009 /* Products */,
			);
			sourceTree = "<group>";
		};
		B50000000000000000000002 /* lab.ios.SecureCommunication */ = {
			isa = PBXGroup;
			children = (
				B20000000000000000000001 /* lab_ios_SecureCommunicationApp.swift */,
				B50000000000000000000003 /* Sources */,
				B50000000000000000000006 /* Certificates */,
				B2000000000000000000000A /* Assets.xcassets */,
				B20000000000000000000012 /* Info.plist */,
			);
			path = lab.ios.SecureCommunication;
			sourceTree = "<group>";
		};
		B50000000000000000000003 /* Sources */ = {
			isa = PBXGroup;
			children = (
				B20000000000000000000002 /* ContentView.swift */,
				B20000000000000000000003 /* ContentViewModel.swift */,
				B50000000000000000000004 /* Protocol */,
				B50000000000000000000005 /* Utils */,
			);
			path = Sources;
			sourceTree = "<group>";
		};
		B50000000000000000000004 /* Protocol */ = {
			isa = PBXGroup;
			children = (
				B20000000000000000000007 /* SecureEnvelope.swift */,
				B20000000000000000000008 /* KeyRepository.swift */,
				B20000000000000000000009 /* SecureEnvelopeCrypto.swift */,
			);
			path = Protocol;
			sourceTree = "<group>";
		};
		B50000000000000000000005 /* Utils */ = {
			isa = PBXGroup;
			children = (
				B20000000000000000000004 /* AppRepository.swift */,
				B20000000000000000000005 /* NetworkService.swift */,
				B20000000000000000000006 /* Utils.swift */,
			);
			path = Utils;
			sourceTree = "<group>";
		};
		B50000000000000000000006 /* Certificates */ = {
			isa = PBXGroup;
			children = (
				B2000000000000000000000B /* server-public.pkcs1.der */,
				B2000000000000000000000C /* client-private.pkcs1.der */,
			);
			path = Certificates;
			sourceTree = "<group>";
		};
		B50000000000000000000007 /* lab.ios.SecureCommunicationTests */ = {
			isa = PBXGroup;
			children = (
				B2000000000000000000000D /* SecureCommunicationLabTests.swift */,
			);
			path = lab.ios.SecureCommunicationTests;
			sourceTree = "<group>";
		};
		B50000000000000000000008 /* Config */ = {
			isa = PBXGroup;
			children = (
				B2000000000000000000000E /* Hosted.xcconfig */,
				B2000000000000000000000F /* Local.example.xcconfig */,
			);
			path = Config;
			sourceTree = "<group>";
		};
		B50000000000000000000009 /* Products */ = {
			isa = PBXGroup;
			children = (
				B20000000000000000000010 /* Secure Communication lab.app */,
				B20000000000000000000011 /* Secure Communication labTests.xctest */,
			);
			name = Products;
			sourceTree = "<group>";
		};
/* End PBXGroup section */

/* Begin PBXNativeTarget section */
		B70000000000000000000001 /* lab.ios.SecureCommunication */ = {
			isa = PBXNativeTarget;
			buildConfigurationList = BB0000000000000000000001 /* Build configuration list for PBXNativeTarget "lab.ios.SecureCommunication" */;
			buildPhases = (
				B60000000000000000000001 /* Sources */,
				B40000000000000000000001 /* Frameworks */,
				B80000000000000000000001 /* Resources */,
			);
			buildRules = (
			);
			dependencies = (
			);
			name = lab.ios.SecureCommunication;
			productName = lab.ios.SecureCommunication;
			productReference = B20000000000000000000010 /* Secure Communication lab.app */;
			productType = "com.apple.product-type.application";
		};
		B70000000000000000000002 /* lab.ios.SecureCommunicationTests */ = {
			isa = PBXNativeTarget;
			buildConfigurationList = BB0000000000000000000002 /* Build configuration list for PBXNativeTarget "lab.ios.SecureCommunicationTests" */;
			buildPhases = (
				B60000000000000000000002 /* Sources */,
				B40000000000000000000002 /* Frameworks */,
			);
			buildRules = (
			);
			dependencies = (
				BA0000000000000000000001 /* PBXTargetDependency */,
			);
			name = lab.ios.SecureCommunicationTests;
			productName = "Secure Communication labTests";
			productReference = B20000000000000000000011 /* Secure Communication labTests.xctest */;
			productType = "com.apple.product-type.bundle.unit-test";
		};
/* End PBXNativeTarget section */

/* Begin PBXProject section */
		B90000000000000000000001 /* Project object */ = {
			isa = PBXProject;
			attributes = {
				BuildIndependentTargetsInParallel = 1;
				LastSwiftUpdateCheck = 2700;
				LastUpgradeCheck = 2700;
				TargetAttributes = {
					B70000000000000000000001 = {
						CreatedOnToolsVersion = 27.0;
					};
					B70000000000000000000002 = {
						CreatedOnToolsVersion = 27.0;
						TestTargetID = B70000000000000000000001;
					};
				};
			};
			buildConfigurationList = BB0000000000000000000003 /* Build configuration list for PBXProject "lab.ios.SecureCommunication" */;
			compatibilityVersion = "Xcode 13.0";
			developmentRegion = en;
			hasScannedForEncodings = 0;
			knownRegions = (
				en,
				Base,
			);
			mainGroup = B50000000000000000000001;
			productRefGroup = B50000000000000000000009 /* Products */;
			projectDirPath = "";
			projectRoot = "";
			targets = (
				B70000000000000000000001 /* lab.ios.SecureCommunication */,
				B70000000000000000000002 /* lab.ios.SecureCommunicationTests */,
			);
		};
/* End PBXProject section */

/* Begin PBXResourcesBuildPhase section */
		B80000000000000000000001 /* Resources */ = {
			isa = PBXResourcesBuildPhase;
			buildActionMask = 2147483647;
			files = (
				B1000000000000000000000A /* Assets.xcassets in Resources */,
				B1000000000000000000000B /* server-public.pkcs1.der in Resources */,
				B1000000000000000000000C /* client-private.pkcs1.der in Resources */,
			);
			runOnlyForDeploymentPostprocessing = 0;
		};
/* End PBXResourcesBuildPhase section */

/* Begin PBXSourcesBuildPhase section */
		B60000000000000000000001 /* Sources */ = {
			isa = PBXSourcesBuildPhase;
			buildActionMask = 2147483647;
			files = (
				B10000000000000000000001 /* lab_ios_SecureCommunicationApp.swift in Sources */,
				B10000000000000000000002 /* ContentView.swift in Sources */,
				B10000000000000000000003 /* ContentViewModel.swift in Sources */,
				B10000000000000000000004 /* AppRepository.swift in Sources */,
				B10000000000000000000005 /* NetworkService.swift in Sources */,
				B10000000000000000000006 /* Utils.swift in Sources */,
				B10000000000000000000007 /* SecureEnvelope.swift in Sources */,
				B10000000000000000000008 /* KeyRepository.swift in Sources */,
				B10000000000000000000009 /* SecureEnvelopeCrypto.swift in Sources */,
			);
			runOnlyForDeploymentPostprocessing = 0;
		};
		B60000000000000000000002 /* Sources */ = {
			isa = PBXSourcesBuildPhase;
			buildActionMask = 2147483647;
			files = (
				B1000000000000000000000D /* SecureCommunicationLabTests.swift in Sources */,
			);
			runOnlyForDeploymentPostprocessing = 0;
		};
/* End PBXSourcesBuildPhase section */

/* Begin PBXTargetDependency section */
		BA0000000000000000000001 /* PBXTargetDependency */ = {
			isa = PBXTargetDependency;
			target = B70000000000000000000001 /* lab.ios.SecureCommunication */;
			targetProxy = B30000000000000000000001 /* PBXContainerItemProxy */;
		};
/* End PBXTargetDependency section */

/* Begin XCBuildConfiguration section */
		BC0000000000000000000001 /* Debug */ = {
			isa = XCBuildConfiguration;
			buildSettings = {
				ALWAYS_SEARCH_USER_PATHS = NO;
				CLANG_ENABLE_MODULES = YES;
				CLANG_ENABLE_OBJC_ARC = YES;
				CLANG_WARN_DOCUMENTATION_COMMENTS = YES;
				CLANG_WARN_QUOTED_INCLUDE_IN_FRAMEWORK_HEADER = YES;
				CLANG_WARN_UNGUARDED_AVAILABILITY = YES_AGGRESSIVE;
				COPY_PHASE_STRIP = NO;
				DEBUG_INFORMATION_FORMAT = dwarf;
				ENABLE_TESTABILITY = YES;
				GCC_C_LANGUAGE_STANDARD = gnu17;
				GCC_NO_COMMON_BLOCKS = YES;
				GCC_OPTIMIZATION_LEVEL = 0;
				GCC_PREPROCESSOR_DEFINITIONS = (
					"DEBUG=1",
					"$(inherited)",
				);
				IPHONEOS_DEPLOYMENT_TARGET = 17.0;
				ONLY_ACTIVE_ARCH = YES;
				SDKROOT = iphoneos;
				SWIFT_ACTIVE_COMPILATION_CONDITIONS = DEBUG;
				SWIFT_OPTIMIZATION_LEVEL = "-Onone";
			};
			name = Debug;
		};
		BC0000000000000000000002 /* Release */ = {
			isa = XCBuildConfiguration;
			buildSettings = {
				ALWAYS_SEARCH_USER_PATHS = NO;
				CLANG_ENABLE_MODULES = YES;
				CLANG_ENABLE_OBJC_ARC = YES;
				CLANG_WARN_DOCUMENTATION_COMMENTS = YES;
				CLANG_WARN_QUOTED_INCLUDE_IN_FRAMEWORK_HEADER = YES;
				CLANG_WARN_UNGUARDED_AVAILABILITY = YES_AGGRESSIVE;
				COPY_PHASE_STRIP = NO;
				DEBUG_INFORMATION_FORMAT = "dwarf-with-dsym";
				ENABLE_NS_ASSERTIONS = NO;
				GCC_C_LANGUAGE_STANDARD = gnu17;
				GCC_NO_COMMON_BLOCKS = YES;
				IPHONEOS_DEPLOYMENT_TARGET = 17.0;
				SDKROOT = iphoneos;
				SWIFT_COMPILATION_MODE = wholemodule;
				SWIFT_OPTIMIZATION_LEVEL = "-O";
				VALIDATE_PRODUCT = YES;
			};
			name = Release;
		};
		BC0000000000000000000003 /* Debug */ = {
			isa = XCBuildConfiguration;
			baseConfigurationReference = B2000000000000000000000E /* Hosted.xcconfig */;
			buildSettings = {
				ASSETCATALOG_COMPILER_APPICON_NAME = AppIcon;
				ASSETCATALOG_COMPILER_GLOBAL_ACCENT_COLOR_NAME = AccentColor;
				CODE_SIGN_STYLE = Automatic;
				CURRENT_PROJECT_VERSION = 2;
				DEVELOPMENT_ASSET_PATHS = "\"lab.ios.SecureCommunication/Preview Content\"";
				ENABLE_PREVIEWS = YES;
				GENERATE_INFOPLIST_FILE = NO;
				INFOPLIST_FILE = lab.ios.SecureCommunication/Info.plist;
				IPHONEOS_DEPLOYMENT_TARGET = 17.0;
				LD_RUNPATH_SEARCH_PATHS = (
					"$(inherited)",
					"@executable_path/Frameworks",
				);
				MARKETING_VERSION = 2.0;
				PRODUCT_BUNDLE_IDENTIFIER = "defdev.lab-ios-SecureCommunication";
				PRODUCT_MODULE_NAME = lab_ios_SecureCommunication;
				PRODUCT_NAME = "Secure Communication lab";
				SUPPORTED_PLATFORMS = "iphoneos iphonesimulator";
				SWIFT_EMIT_LOC_STRINGS = YES;
				SWIFT_STRICT_CONCURRENCY = complete;
				SWIFT_VERSION = 6.0;
				TARGETED_DEVICE_FAMILY = 1;
			};
			name = Debug;
		};
		BC0000000000000000000004 /* Release */ = {
			isa = XCBuildConfiguration;
			baseConfigurationReference = B2000000000000000000000E /* Hosted.xcconfig */;
			buildSettings = {
				ASSETCATALOG_COMPILER_APPICON_NAME = AppIcon;
				ASSETCATALOG_COMPILER_GLOBAL_ACCENT_COLOR_NAME = AccentColor;
				CODE_SIGN_STYLE = Automatic;
				CURRENT_PROJECT_VERSION = 2;
				GENERATE_INFOPLIST_FILE = NO;
				INFOPLIST_FILE = lab.ios.SecureCommunication/Info.plist;
				IPHONEOS_DEPLOYMENT_TARGET = 17.0;
				LD_RUNPATH_SEARCH_PATHS = (
					"$(inherited)",
					"@executable_path/Frameworks",
				);
				MARKETING_VERSION = 2.0;
				PRODUCT_BUNDLE_IDENTIFIER = "defdev.lab-ios-SecureCommunication";
				PRODUCT_MODULE_NAME = lab_ios_SecureCommunication;
				PRODUCT_NAME = "Secure Communication lab";
				SUPPORTED_PLATFORMS = "iphoneos iphonesimulator";
				SWIFT_EMIT_LOC_STRINGS = YES;
				SWIFT_STRICT_CONCURRENCY = complete;
				SWIFT_VERSION = 6.0;
				TARGETED_DEVICE_FAMILY = 1;
			};
			name = Release;
		};
		BC0000000000000000000005 /* Debug */ = {
			isa = XCBuildConfiguration;
			buildSettings = {
				BUNDLE_LOADER = "$(TEST_HOST)";
				CODE_SIGN_STYLE = Automatic;
				GENERATE_INFOPLIST_FILE = YES;
				IPHONEOS_DEPLOYMENT_TARGET = 17.0;
				LD_RUNPATH_SEARCH_PATHS = (
					"$(inherited)",
					"@executable_path/Frameworks",
					"@loader_path/Frameworks",
				);
				PRODUCT_BUNDLE_IDENTIFIER = "defdev.lab-ios-SecureCommunicationTests";
				PRODUCT_NAME = "$(TARGET_NAME)";
				SUPPORTED_PLATFORMS = "iphoneos iphonesimulator";
				SWIFT_STRICT_CONCURRENCY = complete;
				SWIFT_VERSION = 6.0;
				TARGETED_DEVICE_FAMILY = 1;
				TEST_HOST = "$(BUILT_PRODUCTS_DIR)/Secure Communication lab.app/$(BUNDLE_EXECUTABLE_FOLDER_PATH)/Secure Communication lab";
			};
			name = Debug;
		};
		BC0000000000000000000006 /* Release */ = {
			isa = XCBuildConfiguration;
			buildSettings = {
				BUNDLE_LOADER = "$(TEST_HOST)";
				CODE_SIGN_STYLE = Automatic;
				GENERATE_INFOPLIST_FILE = YES;
				IPHONEOS_DEPLOYMENT_TARGET = 17.0;
				LD_RUNPATH_SEARCH_PATHS = (
					"$(inherited)",
					"@executable_path/Frameworks",
					"@loader_path/Frameworks",
				);
				PRODUCT_BUNDLE_IDENTIFIER = "defdev.lab-ios-SecureCommunicationTests";
				PRODUCT_NAME = "$(TARGET_NAME)";
				SUPPORTED_PLATFORMS = "iphoneos iphonesimulator";
				SWIFT_STRICT_CONCURRENCY = complete;
				SWIFT_VERSION = 6.0;
				TARGETED_DEVICE_FAMILY = 1;
				TEST_HOST = "$(BUILT_PRODUCTS_DIR)/Secure Communication lab.app/$(BUNDLE_EXECUTABLE_FOLDER_PATH)/Secure Communication lab";
			};
			name = Release;
		};
/* End XCBuildConfiguration section */

/* Begin XCConfigurationList section */
		BB0000000000000000000001 /* Build configuration list for PBXNativeTarget "lab.ios.SecureCommunication" */ = {
			isa = XCConfigurationList;
			buildConfigurations = (
				BC0000000000000000000003 /* Debug */,
				BC0000000000000000000004 /* Release */,
			);
			defaultConfigurationIsVisible = 0;
			defaultConfigurationName = Release;
		};
		BB0000000000000000000002 /* Build configuration list for PBXNativeTarget "lab.ios.SecureCommunicationTests" */ = {
			isa = XCConfigurationList;
			buildConfigurations = (
				BC0000000000000000000005 /* Debug */,
				BC0000000000000000000006 /* Release */,
			);
			defaultConfigurationIsVisible = 0;
			defaultConfigurationName = Release;
		};
		BB0000000000000000000003 /* Build configuration list for PBXProject "lab.ios.SecureCommunication" */ = {
			isa = XCConfigurationList;
			buildConfigurations = (
				BC0000000000000000000001 /* Debug */,
				BC0000000000000000000002 /* Release */,
			);
			defaultConfigurationIsVisible = 0;
			defaultConfigurationName = Release;
		};
/* End XCConfigurationList section */
	};
	rootObject = B90000000000000000000001 /* Project object */;
}
