// !$*UTF8*$!
{
	archiveVersion = 1;
	classes = {
	};
	objectVersion = 55;
	objects = {

/* Begin PBXBuildFile section */
		FA1DA045277CE0AD0045D9C0 /* lab_ios_SecureCommunicationApp.swift in Sources */ = {isa = PBXBuildFile; fileRef = FA1DA044277CE0AD0045D9C0 /* lab_ios_SecureCommunicationApp.swift */; };
		FA1DA047277CE0AD0045D9C0 /* ContentView.swift in Sources */ = {isa = PBXBuildFile; fileRef = FA1DA046277CE0AD0045D9C0 /* ContentView.swift */; };
		FA1DA049277CE0AF0045D9C0 /* Assets.xcassets in Resources */ = {isa = PBXBuildFile; fileRef = FA1DA048277CE0AF0045D9C0 /* Assets.xcassets */; };
		FA1DA04C277CE0AF0045D9C0 /* Preview Assets.xcassets in Resources */ = {isa = PBXBuildFile; fileRef = FA1DA04B277CE0AF0045D9C0 /* Preview Assets.xcassets */; };
		FA1DA055277CE1DD0045D9C0 /* Utils.swift in Sources */ = {isa = PBXBuildFile; fileRef = FA1DA054277CE1DD0045D9C0 /* Utils.swift */; };
		FA1DA057277CE2340045D9C0 /* AppRepository.swift in Sources */ = {isa = PBXBuildFile; fileRef = FA1DA056277CE2340045D9C0 /* AppRepository.swift */; };
		FA1DA059277CE2760045D9C0 /* ContentViewModel.swift in Sources */ = {isa = PBXBuildFile; fileRef = FA1DA058277CE2760045D9C0 /* ContentViewModel.swift */; };
		FA1DA05B277DBFD70045D9C0 /* NetworkService.swift in Sources */ = {isa = PBXBuildFile; fileRef = FA1DA05A277DBFD70045D9C0 /* NetworkService.swift */; };
		FA1DA05D277DC4310045D9C0 /* MessageRequest.swift in Sources */ = {isa = PBXBuildFile; fileRef = FA1DA05C277DC4310045D9C0 /* MessageRequest.swift */; };
		FA1DA05F277DCDB80045D9C0 /* MessageEncryption.swift in Sources */ = {isa = PBXBuildFile; fileRef = FA1DA05E277DCDB80045D9C0 /* MessageEncryption.swift */; };
		FA1DA061277DD00D0045D9C0 /* CertificateRepository.swift in Sources */ = {isa = PBXBuildFile; fileRef = FA1DA060277DD00D0045D9C0 /* CertificateRepository.swift */; };
		FA1DA067277DD39C0045D9C0 /* server-pub-pkcs8.pem in Resources */ = {isa = PBXBuildFile; fileRef = FA1DA064277DD39C0045D9C0 /* server-pub-pkcs8.pem */; };
		FA1DA068277DD39C0045D9C0 /* private-pkcs8.pem in Resources */ = {isa = PBXBuildFile; fileRef = FA1DA065277DD39C0045D9C0 /* private-pkcs8.pem */; };
		FA1DA06A277DD51A0045D9C0 /* AlgorithmProvider.swift in Sources */ = {isa = PBXBuildFile; fileRef = FA1DA069277DD51A0045D9C0 /* AlgorithmProvider.swift */; };
		FA1DA06E277DDDF30045D9C0 /* AESUtils.swift in Sources */ = {isa = PBXBuildFile; fileRef = FA1DA06D277DDDF30045D9C0 /* AESUtils.swift */; };
		FA1DA071277DE1650045D9C0 /* Data+SHA1.swift in Sources */ = {isa = PBXBuildFile; fileRef = FA1DA070277DE1650045D9C0 /* Data+SHA1.swift */; };
		FA1DA075277DE4E30045D9C0 /* RSAUtils.m in Sources */ = {isa = PBXBuildFile; fileRef = FA1DA074277DE4E30045D9C0 /* RSAUtils.m */; };
/* End PBXBuildFile section */

/* Begin PBXFileReference section */
		FA1DA041277CE0AD0045D9C0 /* Secure Communication lab.app */ = {isa = PBXFileReference; explicitFileType = wrapper.application; includeInIndex = 0; path = "Secure Communication lab.app"; sourceTree = BUILT_PRODUCTS_DIR; };
		FA1DA044277CE0AD0045D9C0 /* lab_ios_SecureCommunicationApp.swift */ = {isa = PBXFileReference; lastKnownFileType = sourcecode.swift; path = lab_ios_SecureCommunicationApp.swift; sourceTree = "<group>"; };
		FA1DA046277CE0AD0045D9C0 /* ContentView.swift */ = {isa = PBXFileReference; lastKnownFileType = sourcecode.swift; path = ContentView.swift; sourceTree = "<group>"; };
		FA1DA048277CE0AF0045D9C0 /* Assets.xcassets */ = {isa = PBXFileReference; lastKnownFileType = folder.assetcatalog; path = Assets.xcassets; sourceTree = "<group>"; };
		FA1DA04B277CE0AF0045D9C0 /* Preview Assets.xcassets */ = {isa = PBXFileReference; lastKnownFileType = folder.assetcatalog; path = "Preview Assets.xcassets"; sourceTree = "<group>"; };
		FA1DA054277CE1DD0045D9C0 /* Utils.swift */ = {isa = PBXFileReference; lastKnownFileType = sourcecode.swift; path = Utils.swift; sourceTree = "<group>"; };
		FA1DA056277CE2340045D9C0 /* AppRepository.swift */ = {isa = PBXFileReference; lastKnownFileType = sourcecode.swift; path = AppRepository.swift; sourceTree = "<group>"; };
		FA1DA058277CE2760045D9C0 /* ContentViewModel.swift */ = {isa = PBXFileReference; lastKnownFileType = sourcecode.swift; path = ContentViewModel.swift; sourceTree = "<group>"; };
		FA1DA05A277DBFD70045D9C0 /* NetworkService.swift */ = {isa = PBXFileReference; lastKnownFileType = sourcecode.swift; path = NetworkService.swift; sourceTree = "<group>"; };
		FA1DA05C277DC4310045D9C0 /* MessageRequest.swift */ = {isa = PBXFileReference; lastKnownFileType = sourcecode.swift; path = MessageRequest.swift; sourceTree = "<group>"; };
		FA1DA05E277DCDB80045D9C0 /* MessageEncryption.swift */ = {isa = PBXFileReference; lastKnownFileType = sourcecode.swift; path = MessageEncryption.swift; sourceTree = "<group>"; };
		FA1DA060277DD00D0045D9C0 /* CertificateRepository.swift */ = {isa = PBXFileReference; lastKnownFileType = sourcecode.swift; path = CertificateRepository.swift; sourceTree = "<group>"; };
		FA1DA064277DD39C0045D9C0 /* server-pub-pkcs8.pem */ = {isa = PBXFileReference; fileEncoding = 4; lastKnownFileType = text; path = "server-pub-pkcs8.pem"; sourceTree = "<group>"; };
		FA1DA065277DD39C0045D9C0 /* private-pkcs8.pem */ = {isa = PBXFileReference; fileEncoding = 4; lastKnownFileType = text; path = "private-pkcs8.pem"; sourceTree = "<group>"; };
		FA1DA069277DD51A0045D9C0 /* AlgorithmProvider.swift */ = {isa = PBXFileReference; lastKnownFileType = sourcecode.swift; path = AlgorithmProvider.swift; sourceTree = "<group>"; };
		FA1DA06D277DDDF30045D9C0 /* AESUtils.swift */ = {isa = PBXFileReference; lastKnownFileType = sourcecode.swift; path = AESUtils.swift; sourceTree = "<group>"; };
		FA1DA070277DE1650045D9C0 /* Data+SHA1.swift */ = {isa = PBXFileReference; lastKnownFileType = sourcecode.swift; path = "Data+SHA1.swift"; sourceTree = "<group>"; };
		FA1DA072277DE4E30045D9C0 /* lab.ios.SecureCommunication-Bridging-Header.h */ = {isa = PBXFileReference; lastKnownFileType = sourcecode.c.h; path = "lab.ios.SecureCommunication-Bridging-Header.h"; sourceTree = "<group>"; };
		FA1DA073277DE4E30045D9C0 /* RSAUtils.h */ = {isa = PBXFileReference; lastKnownFileType = sourcecode.c.h; path = RSAUtils.h; sourceTree = "<group>"; };
		FA1DA074277DE4E30045D9C0 /* RSAUtils.m */ = {isa = PBXFileReference; lastKnownFileType = sourcecode.c.objc; path = RSAUtils.m; sourceTree = "<group>"; };
/* End PBXFileReference section */

/* Begin PBXFrameworksBuildPhase section */
		FA1DA03E277CE0AD0045D9C0 /* Frameworks */ = {
			isa = PBXFrameworksBuildPhase;
			buildActionMask = 2147483647;
			files = (
			);
			runOnlyForDeploymentPostprocessing = 0;
		};
/* End PBXFrameworksBuildPhase section */

/* Begin PBXGroup section */
		FA1DA038277CE0AC0045D9C0 = {
			isa = PBXGroup;
			children = (
				FA1DA043277CE0AD0045D9C0 /* lab.ios.SecureCommunication */,
				FA1DA042277CE0AD0045D9C0 /* Products */,
			);
			sourceTree = "<group>";
		};
		FA1DA042277CE0AD0045D9C0 /* Products */ = {
			isa = PBXGroup;
			children = (
				FA1DA041277CE0AD0045D9C0 /* Secure Communication lab.app */,
			);
			name = Products;
			sourceTree = "<group>";
		};
		FA1DA043277CE0AD0045D9C0 /* lab.ios.SecureCommunication */ = {
			isa = PBXGroup;
			children = (
				FA1DA052277CE1890045D9C0 /* Sources */,
				FA1DA044277CE0AD0045D9C0 /* lab_ios_SecureCommunicationApp.swift */,
				FA1DA072277DE4E30045D9C0 /* lab.ios.SecureCommunication-Bridging-Header.h */,
				FA1DA062277DD3500045D9C0 /* Certificates */,
				FA1DA048277CE0AF0045D9C0 /* Assets.xcassets */,
				FA1DA04A277CE0AF0045D9C0 /* Preview Content */,
			);
			path = lab.ios.SecureCommunication;
			sourceTree = "<group>";
		};
		FA1DA04A277CE0AF0045D9C0 /* Preview Content */ = {
			isa = PBXGroup;
			children = (
				FA1DA04B277CE0AF0045D9C0 /* Preview Assets.xcassets */,
			);
			path = "Preview Content";
			sourceTree = "<group>";
		};
		FA1DA052277CE1890045D9C0 /* Sources */ = {
			isa = PBXGroup;
			children = (
				FA1DA06F277DDF430045D9C0 /* Encryption */,
				FA1DA053277CE1920045D9C0 /* Utils */,
				FA1DA046277CE0AD0045D9C0 /* ContentView.swift */,
				FA1DA058277CE2760045D9C0 /* ContentViewModel.swift */,
			);
			path = Sources;
			sourceTree = "<group>";
		};
		FA1DA053277CE1920045D9C0 /* Utils */ = {
			isa = PBXGroup;
			children = (
				FA1DA060277DD00D0045D9C0 /* CertificateRepository.swift */,
				FA1DA056277CE2340045D9C0 /* AppRepository.swift */,
				FA1DA05C277DC4310045D9C0 /* MessageRequest.swift */,
				FA1DA05A277DBFD70045D9C0 /* NetworkService.swift */,
				FA1DA054277CE1DD0045D9C0 /* Utils.swift */,
			);
			path = Utils;
			sourceTree = "<group>";
		};
		FA1DA062277DD3500045D9C0 /* Certificates */ = {
			isa = PBXGroup;
			children = (
				FA1DA065277DD39C0045D9C0 /* private-pkcs8.pem */,
				FA1DA064277DD39C0045D9C0 /* server-pub-pkcs8.pem */,
			);
			path = Certificates;
			sourceTree = "<group>";
		};
		FA1DA06F277DDF430045D9C0 /* Encryption */ = {
			isa = PBXGroup;
			children = (
				FA1DA06D277DDDF30045D9C0 /* AESUtils.swift */,
				FA1DA069277DD51A0045D9C0 /* AlgorithmProvider.swift */,
				FA1DA05E277DCDB80045D9C0 /* MessageEncryption.swift */,
				FA1DA070277DE1650045D9C0 /* Data+SHA1.swift */,
				FA1DA073277DE4E30045D9C0 /* RSAUtils.h */,
				FA1DA074277DE4E30045D9C0 /* RSAUtils.m */,
			);
			path = Encryption;
			sourceTree = "<group>";
		};
/* End PBXGroup section */

/* Begin PBXNativeTarget section */
		FA1DA040277CE0AD0045D9C0 /* lab.ios.SecureCommunication */ = {
			isa = PBXNativeTarget;
			buildConfigurationList = FA1DA04F277CE0AF0045D9C0 /* Build configuration list for PBXNativeTarget "lab.ios.SecureCommunication" */;
			buildPhases = (
				FA1DA03D277CE0AD0045D9C0 /* Sources */,
				FA1DA03E277CE0AD0045D9C0 /* Frameworks */,
				FA1DA03F277CE0AD0045D9C0 /* Resources */,
			);
			buildRules = (
			);
			dependencies = (
			);
			name = lab.ios.SecureCommunication;
			productName = lab.ios.SecureCommunication;
			productReference = FA1DA041277CE0AD0045D9C0 /* Secure Communication lab.app */;
			productType = "com.apple.product-type.application";
		};
/* End PBXNativeTarget section */

/* Begin PBXProject section */
		FA1DA039277CE0AC0045D9C0 /* Project object */ = {
			isa = PBXProject;
			attributes = {
				BuildIndependentTargetsInParallel = 1;
				LastSwiftUpdateCheck = 1320;
				LastUpgradeCheck = 1320;
				TargetAttributes = {
					FA1DA040277CE0AD0045D9C0 = {
						CreatedOnToolsVersion = 13.2.1;
						LastSwiftMigration = 1320;
					};
				};
			};
			buildConfigurationList = FA1DA03C277CE0AC0045D9C0 /* Build configuration list for PBXProject "lab.ios.SecureCommunication" */;
			compatibilityVersion = "Xcode 13.0";
			developmentRegion = en;
			hasScannedForEncodings = 0;
			knownRegions = (
				en,
				Base,
			);
			mainGroup = FA1DA038277CE0AC0045D9C0;
			productRefGroup = FA1DA042277CE0AD0045D9C0 /* Products */;
			projectDirPath = "";
			projectRoot = "";
			targets = (
				FA1DA040277CE0AD0045D9C0 /* lab.ios.SecureCommunication */,
			);
		};
/* End PBXProject section */

/* Begin PBXResourcesBuildPhase section */
		FA1DA03F277CE0AD0045D9C0 /* Resources */ = {
			isa = PBXResourcesBuildPhase;
			buildActionMask = 2147483647;
			files = (
				FA1DA04C277CE0AF0045D9C0 /* Preview Assets.xcassets in Resources */,
				FA1DA067277DD39C0045D9C0 /* server-pub-pkcs8.pem in Resources */,
				FA1DA068277DD39C0045D9C0 /* private-pkcs8.pem in Resources */,
				FA1DA049277CE0AF0045D9C0 /* Assets.xcassets in Resources */,
			);
			runOnlyForDeploymentPostprocessing = 0;
		};
/* End PBXResourcesBuildPhase section */

/* Begin PBXSourcesBuildPhase section */
		FA1DA03D277CE0AD0045D9C0 /* Sources */ = {
			isa = PBXSourcesBuildPhase;
			buildActionMask = 2147483647;
			files = (
				FA1DA047277CE0AD0045D9C0 /* ContentView.swift in Sources */,
				FA1DA061277DD00D0045D9C0 /* CertificateRepository.swift in Sources */,
				FA1DA045277CE0AD0045D9C0 /* lab_ios_SecureCommunicationApp.swift in Sources */,
				FA1DA05F277DCDB80045D9C0 /* MessageEncryption.swift in Sources */,
				FA1DA055277CE1DD0045D9C0 /* Utils.swift in Sources */,
				FA1DA057277CE2340045D9C0 /* AppRepository.swift in Sources */,
				FA1DA05B277DBFD70045D9C0 /* NetworkService.swift in Sources */,
				FA1DA075277DE4E30045D9C0 /* RSAUtils.m in Sources */,
				FA1DA071277DE1650045D9C0 /* Data+SHA1.swift in Sources */,
				FA1DA059277CE2760045D9C0 /* ContentViewModel.swift in Sources */,
				FA1DA06A277DD51A0045D9C0 /* AlgorithmProvider.swift in Sources */,
				FA1DA05D277DC4310045D9C0 /* MessageRequest.swift in Sources */,
				FA1DA06E277DDDF30045D9C0 /* AESUtils.swift in Sources */,
			);
			runOnlyForDeploymentPostprocessing = 0;
		};
/* End PBXSourcesBuildPhase section */

/* Begin XCBuildConfiguration section */
		FA1DA04D277CE0AF0045D9C0 /* Debug */ = {
			isa = XCBuildConfiguration;
			buildSettings = {
				ALWAYS_SEARCH_USER_PATHS = NO;
				CLANG_ANALYZER_NONNULL = YES;
				CLANG_ANALYZER_NUMBER_OBJECT_CONVERSION = YES_AGGRESSIVE;
				CLANG_CXX_LANGUAGE_STANDARD = "gnu++17";
				CLANG_CXX_LIBRARY = "libc++";
				CLANG_ENABLE_MODULES = YES;
				CLANG_ENABLE_OBJC_ARC = YES;
				CLANG_ENABLE_OBJC_WEAK = YES;
				CLANG_WARN_BLOCK_CAPTURE_AUTORELEASING = YES;
				CLANG_WARN_BOOL_CONVERSION = YES;
				CLANG_WARN_COMMA = YES;
				CLANG_WARN_CONSTANT_CONVERSION = YES;
				CLANG_WARN_DEPRECATED_OBJC_IMPLEMENTATIONS = YES;
				CLANG_WARN_DIRECT_OBJC_ISA_USAGE = YES_ERROR;
				CLANG_WARN_DOCUMENTATION_COMMENTS = YES;
				CLANG_WARN_EMPTY_BODY = YES;
				CLANG_WARN_ENUM_CONVERSION = YES;
				CLANG_WARN_INFINITE_RECURSION = YES;
				CLANG_WARN_INT_CONVERSION = YES;
				CLANG_WARN_NON_LITERAL_NULL_CONVERSION = YES;
				CLANG_WARN_OBJC_IMPLICIT_RETAIN_SELF = YES;
				CLANG_WARN_OBJC_LITERAL_CONVERSION = YES;
				CLANG_WARN_OBJC_ROOT_CLASS = YES_ERROR;
				CLANG_WARN_QUOTED_INCLUDE_IN_FRAMEWORK_HEADER = YES;
				CLANG_WARN_RANGE_LOOP_ANALYSIS = YES;
				CLANG_WARN_STRICT_PROTOTYPES = YES;
				CLANG_WARN_SUSPICIOUS_MOVE = YES;
				CLANG_WARN_UNGUARDED_AVAILABILITY = YES_AGGRESSIVE;
				CLANG_WARN_UNREACHABLE_CODE = YES;
				CLANG_WARN__DUPLICATE_METHOD_MATCH = YES;
				COPY_PHASE_STRIP = NO;
				DEBUG_INFORMATION_FORMAT = dwarf;
				ENABLE_STRICT_OBJC_MSGSEND = YES;
				ENABLE_TESTABILITY = YES;
				GCC_C_LANGUAGE_STANDARD = gnu11;
				GCC_DYNAMIC_NO_PIC = NO;
				GCC_NO_COMMON_BLOCKS = YES;
				GCC_OPTIMIZATION_LEVEL = 0;
				GCC_PREPROCESSOR_DEFINITIONS = (
					"DEBUG=1",
					"$(inherited)",
				);
				GCC_WARN_64_TO_32_BIT_CONVERSION = YES;
				GCC_WARN_ABOUT_RETURN_TYPE = YES_ERROR;
				GCC_WARN_UNDECLARED_SELECTOR = YES;
				GCC_WARN_UNINITIALIZED_AUTOS = YES_AGGRESSIVE;
				GCC_WARN_UNUSED_FUNCTION = YES;
				GCC_WARN_UNUSED_VARIABLE = YES;
				IPHONEOS_DEPLOYMENT_TARGET = 15.2;
				MTL_ENABLE_DEBUG_INFO = INCLUDE_SOURCE;
				MTL_FAST_MATH = YES;
				ONLY_ACTIVE_ARCH = YES;
				SDKROOT = iphoneos;
				SWIFT_ACTIVE_COMPILATION_CONDITIONS = DEBUG;
				SWIFT_OPTIMIZATION_LEVEL = "-Onone";
			};
			name = Debug;
		};
		FA1DA04E277CE0AF0045D9C0 /* Release */ = {
			isa = XCBuildConfiguration;
			buildSettings = {
				ALWAYS_SEARCH_USER_PATHS = NO;
				CLANG_ANALYZER_NONNULL = YES;
				CLANG_ANALYZER_NUMBER_OBJECT_CONVERSION = YES_AGGRESSIVE;
				CLANG_CXX_LANGUAGE_STANDARD = "gnu++17";
				CLANG_CXX_LIBRARY = "libc++";
				CLANG_ENABLE_MODULES = YES;
				CLANG_ENABLE_OBJC_ARC = YES;
				CLANG_ENABLE_OBJC_WEAK = YES;
				CLANG_WARN_BLOCK_CAPTURE_AUTORELEASING = YES;
				CLANG_WARN_BOOL_CONVERSION = YES;
				CLANG_WARN_COMMA = YES;
				CLANG_WARN_CONSTANT_CONVERSION = YES;
				CLANG_WARN_DEPRECATED_OBJC_IMPLEMENTATIONS = YES;
				CLANG_WARN_DIRECT_OBJC_ISA_USAGE = YES_ERROR;
				CLANG_WARN_DOCUMENTATION_COMMENTS = YES;
				CLANG_WARN_EMPTY_BODY = YES;
				CLANG_WARN_ENUM_CONVERSION = YES;
				CLANG_WARN_INFINITE_RECURSION = YES;
				CLANG_WARN_INT_CONVERSION = YES;
				CLANG_WARN_NON_LITERAL_NULL_CONVERSION = YES;
				CLANG_WARN_OBJC_IMPLICIT_RETAIN_SELF = YES;
				CLANG_WARN_OBJC_LITERAL_CONVERSION = YES;
				CLANG_WARN_OBJC_ROOT_CLASS = YES_ERROR;
				CLANG_WARN_QUOTED_INCLUDE_IN_FRAMEWORK_HEADER = YES;
				CLANG_WARN_RANGE_LOOP_ANALYSIS = YES;
				CLANG_WARN_STRICT_PROTOTYPES = YES;
				CLANG_WARN_SUSPICIOUS_MOVE = YES;
				CLANG_WARN_UNGUARDED_AVAILABILITY = YES_AGGRESSIVE;
				CLANG_WARN_UNREACHABLE_CODE = YES;
				CLANG_WARN__DUPLICATE_METHOD_MATCH = YES;
				COPY_PHASE_STRIP = NO;
				DEBUG_INFORMATION_FORMAT = "dwarf-with-dsym";
				ENABLE_NS_ASSERTIONS = NO;
				ENABLE_STRICT_OBJC_MSGSEND = YES;
				GCC_C_LANGUAGE_STANDARD = gnu11;
				GCC_NO_COMMON_BLOCKS = YES;
				GCC_WARN_64_TO_32_BIT_CONVERSION = YES;
				GCC_WARN_ABOUT_RETURN_TYPE = YES_ERROR;
				GCC_WARN_UNDECLARED_SELECTOR = YES;
				GCC_WARN_UNINITIALIZED_AUTOS = YES_AGGRESSIVE;
				GCC_WARN_UNUSED_FUNCTION = YES;
				GCC_WARN_UNUSED_VARIABLE = YES;
				IPHONEOS_DEPLOYMENT_TARGET = 15.2;
				MTL_ENABLE_DEBUG_INFO = NO;
				MTL_FAST_MATH = YES;
				SDKROOT = iphoneos;
				SWIFT_COMPILATION_MODE = wholemodule;
				SWIFT_OPTIMIZATION_LEVEL = "-O";
				VALIDATE_PRODUCT = YES;
			};
			name = Release;
		};
		FA1DA050277CE0AF0045D9C0 /* Debug */ = {
			isa = XCBuildConfiguration;
			buildSettings = {
				ASSETCATALOG_COMPILER_APPICON_NAME = AppIcon;
				ASSETCATALOG_COMPILER_GLOBAL_ACCENT_COLOR_NAME = AccentColor;
				CLANG_ENABLE_MODULES = YES;
				CODE_SIGN_STYLE = Automatic;
				CURRENT_PROJECT_VERSION = 1;
				DEVELOPMENT_ASSET_PATHS = "\"lab.ios.SecureCommunication/Preview Content\"";
				ENABLE_PREVIEWS = YES;
				GENERATE_INFOPLIST_FILE = YES;
				INFOPLIST_KEY_UIApplicationSceneManifest_Generation = YES;
				INFOPLIST_KEY_UIApplicationSupportsIndirectInputEvents = YES;
				INFOPLIST_KEY_UILaunchScreen_Generation = YES;
				INFOPLIST_KEY_UISupportedInterfaceOrientations_iPad = "UIInterfaceOrientationPortrait UIInterfaceOrientationPortraitUpsideDown UIInterfaceOrientationLandscapeLeft UIInterfaceOrientationLandscapeRight";
				INFOPLIST_KEY_UISupportedInterfaceOrientations_iPhone = "UIInterfaceOrientationPortrait UIInterfaceOrientationLandscapeLeft UIInterfaceOrientationLandscapeRight";
				LD_RUNPATH_SEARCH_PATHS = (
					"$(inherited)",
					"@executable_path/Frameworks",
				);
				MARKETING_VERSION = 1.0;
				PRODUCT_BUNDLE_IDENTIFIER = "defdev.lab-ios-SecureCommunication";
				PRODUCT_NAME = "Secure Communication lab";
				SWIFT_EMIT_LOC_STRINGS = YES;
				SWIFT_OBJC_BRIDGING_HEADER = "lab.ios.SecureCommunication/lab.ios.SecureCommunication-Bridging-Header.h";
				SWIFT_OPTIMIZATION_LEVEL = "-Onone";
				SWIFT_VERSION = 5.0;
				TARGETED_DEVICE_FAMILY = "1,2";
			};
			name = Debug;
		};
		FA1DA051277CE0AF0045D9C0 /* Release */ = {
			isa = XCBuildConfiguration;
			buildSettings = {
				ASSETCATALOG_COMPILER_APPICON_NAME = AppIcon;
				ASSETCATALOG_COMPILER_GLOBAL_ACCENT_COLOR_NAME = AccentColor;
				CLANG_ENABLE_MODULES = YES;
				CODE_SIGN_STYLE = Automatic;
				CURRENT_PROJECT_VERSION = 1;
				DEVELOPMENT_ASSET_PATHS = "\"lab.ios.SecureCommunication/Preview Content\"";
				ENABLE_PREVIEWS = YES;
				GENERATE_INFOPLIST_FILE = YES;
				INFOPLIST_KEY_UIApplicationSceneManifest_Generation = YES;
				INFOPLIST_KEY_UIApplicationSupportsIndirectInputEvents = YES;
				INFOPLIST_KEY_UILaunchScreen_Generation = YES;
				INFOPLIST_KEY_UISupportedInterfaceOrientations_iPad = "UIInterfaceOrientationPortrait UIInterfaceOrientationPortraitUpsideDown UIInterfaceOrientationLandscapeLeft UIInterfaceOrientationLandscapeRight";
				INFOPLIST_KEY_UISupportedInterfaceOrientations_iPhone = "UIInterfaceOrientationPortrait UIInterfaceOrientationLandscapeLeft UIInterfaceOrientationLandscapeRight";
				LD_RUNPATH_SEARCH_PATHS = (
					"$(inherited)",
					"@executable_path/Frameworks",
				);
				MARKETING_VERSION = 1.0;
				PRODUCT_BUNDLE_IDENTIFIER = "defdev.lab-ios-SecureCommunication";
				PRODUCT_NAME = "Secure Communication lab";
				SWIFT_EMIT_LOC_STRINGS = YES;
				SWIFT_OBJC_BRIDGING_HEADER = "lab.ios.SecureCommunication/lab.ios.SecureCommunication-Bridging-Header.h";
				SWIFT_VERSION = 5.0;
				TARGETED_DEVICE_FAMILY = "1,2";
			};
			name = Release;
		};
/* End XCBuildConfiguration section */

/* Begin XCConfigurationList section */
		FA1DA03C277CE0AC0045D9C0 /* Build configuration list for PBXProject "lab.ios.SecureCommunication" */ = {
			isa = XCConfigurationList;
			buildConfigurations = (
				FA1DA04D277CE0AF0045D9C0 /* Debug */,
				FA1DA04E277CE0AF0045D9C0 /* Release */,
			);
			defaultConfigurationIsVisible = 0;
			defaultConfigurationName = Release;
		};
		FA1DA04F277CE0AF0045D9C0 /* Build configuration list for PBXNativeTarget "lab.ios.SecureCommunication" */ = {
			isa = XCConfigurationList;
			buildConfigurations = (
				FA1DA050277CE0AF0045D9C0 /* Debug */,
				FA1DA051277CE0AF0045D9C0 /* Release */,
			);
			defaultConfigurationIsVisible = 0;
			defaultConfigurationName = Release;
		};
/* End XCConfigurationList section */
	};
	rootObject = FA1DA039277CE0AC0045D9C0 /* Project object */;
}
